
Microsoft Visual Studio Solution File, Format Version 12.00
# Visual Studio 15
Project("{FAE04EC0-301F-11D3-BF4B-00C04F79EFBC}") = "UnityEngine.UI", "UnityEngine.UI.csproj", "{C9E86AD5-898F-8621-27E9-9140994A9421}"
EndProject
Project("{FAE04EC0-301F-11D3-BF4B-00C04F79EFBC}") = "UnityEngine.TestRunner", "UnityEngine.TestRunner.csproj", "{6D1A2428-4BEF-D2AE-E04A-EE76DA214873}"
EndProject
Project("{FAE04EC0-301F-11D3-BF4B-00C04F79EFBC}") = "Unity.Postprocessing.Runtime", "Unity.Postprocessing.Runtime.csproj", "{0A3AB856-CF20-EA2A-F74C-62125CDED850}"
EndProject
Project("{FAE04EC0-301F-11D3-BF4B-00C04F79EFBC}") = "Fungus", "Fungus.csproj", "{F6CE5202-FACC-48F9-66B0-7397E175734E}"
EndProject
Project("{FAE04EC0-301F-11D3-BF4B-00C04F79EFBC}") = "Unity.2D.Animation.Triangle.Runtime", "Unity.2D.Animation.Triangle.Runtime.csproj", "{3E8B6AC6-32F4-7C1B-E33C-DDBA9C65DA19}"
EndProject
Project("{FAE04EC0-301F-11D3-BF4B-00C04F79EFBC}") = "Unity.TextMeshPro", "Unity.TextMeshPro.csproj", "{3AD114EC-C516-3D22-0FB2-D6BE21C5679E}"
EndProject
Project("{FAE04EC0-301F-11D3-BF4B-00C04F79EFBC}") = "Unity.2D.Animation.Runtime", "Unity.2D.Animation.Runtime.csproj", "{689F6B3B-2FB1-7A85-727F-15FC4CC71CC3}"
EndProject
Project("{FAE04EC0-301F-11D3-BF4B-00C04F79EFBC}") = "Unity.Timeline", "Unity.Timeline.csproj", "{7FFA24B3-9FD2-0B81-6B61-ED7FEAEC8F88}"
EndProject
Project("{FAE04EC0-301F-11D3-BF4B-00C04F79EFBC}") = "Cinemachine", "Cinemachine.csproj", "{DA878F09-47FD-BC80-B3BD-9D089E0A06FD}"
EndProject
Project("{FAE04EC0-301F-11D3-BF4B-00C04F79EFBC}") = "Unity.Mathematics", "Unity.Mathematics.csproj", "{35C1E71B-8C42-E156-2F88-922D68AFF3BF}"
EndProject
Project("{FAE04EC0-301F-11D3-BF4B-00C04F79EFBC}") = "Unity.2D.SpriteShape.Runtime", "Unity.2D.SpriteShape.Runtime.csproj", "{4D7BECD3-2BE1-D51B-DFE5-313668FD7DFF}"
EndProject
Project("{FAE04EC0-301F-11D3-BF4B-00C04F79EFBC}") = "FungusExamples", "FungusExamples.csproj", "{2ACA1AEA-1A61-BA77-EBA4-D1398C09F060}"
EndProject
Project("{FAE04EC0-301F-11D3-BF4B-00C04F79EFBC}") = "Assembly-CSharp", "Assembly-CSharp.csproj", "{1C7CA3F7-FD1A-7987-40AC-390EA671F2F7}"
EndProject
Project("{FAE04EC0-301F-11D3-BF4B-00C04F79EFBC}") = "Unity.2D.PixelPerfect", "Unity.2D.PixelPerfect.csproj", "{B5F8C180-DD98-FFB9-5FD3-47D9267CF537}"
EndProject
Project("{FAE04EC0-301F-11D3-BF4B-00C04F79EFBC}") = "Unity.InternalAPIEngineBridge.001", "Unity.InternalAPIEngineBridge.001.csproj", "{D6AF4DAA-C008-BC9A-A5D1-E820209773EE}"
EndProject
Project("{FAE04EC0-301F-11D3-BF4B-00C04F79EFBC}") = "Unity.2D.Common.Runtime", "Unity.2D.Common.Runtime.csproj", "{900CB16F-FB32-F91F-8A9B-798AB9C154CD}"
EndProject
Project("{FAE04EC0-301F-11D3-BF4B-00C04F79EFBC}") = "Unity.TextMeshPro.Editor", "Unity.TextMeshPro.Editor.csproj", "{795DA3C1-68D0-C710-F91C-200E656E12FD}"
EndProject
Project("{FAE04EC0-301F-11D3-BF4B-00C04F79EFBC}") = "Unity.Timeline.Editor", "Unity.Timeline.Editor.csproj", "{2AECB5B6-7DC5-9B3E-2B8C-454136B16AF4}"
EndProject
Project("{FAE04EC0-301F-11D3-BF4B-00C04F79EFBC}") = "Unity.CollabProxy.Editor", "Unity.CollabProxy.Editor.csproj", "{AE6F990E-0ACF-9000-31EF-BE233AE8F910}"
EndProject
Project("{FAE04EC0-301F-11D3-BF4B-00C04F79EFBC}") = "UnityEditor.TestRunner", "UnityEditor.TestRunner.csproj", "{ED62631F-5C33-0E45-E345-5946B6683EDB}"
EndProject
Project("{FAE04EC0-301F-11D3-BF4B-00C04F79EFBC}") = "Unity.2D.Animation.Editor", "Unity.2D.Animation.Editor.csproj", "{2F407373-3CAC-54CF-C7BF-EFE35BF94983}"
EndProject
Project("{FAE04EC0-301F-11D3-BF4B-00C04F79EFBC}") = "Unity.2D.Path.Editor", "Unity.2D.Path.Editor.csproj", "{EA881700-22D1-6C90-E742-61A5D6188069}"
EndProject
Project("{FAE04EC0-301F-11D3-BF4B-00C04F79EFBC}") = "Unity.2D.Sprite.Editor", "Unity.2D.Sprite.Editor.csproj", "{8CA560EC-7A28-05E5-30CF-7CB17F616F11}"
EndProject
Project("{FAE04EC0-301F-11D3-BF4B-00C04F79EFBC}") = "com.unity.cinemachine.editor", "com.unity.cinemachine.editor.csproj", "{8AAD05A3-2CA8-499C-AE11-CA6E936B908D}"
EndProject
Project("{FAE04EC0-301F-11D3-BF4B-00C04F79EFBC}") = "UnityEditor.UI", "UnityEditor.UI.csproj", "{EA97483A-0085-1AAB-DAEA-104B25A99A28}"
EndProject
Project("{FAE04EC0-301F-11D3-BF4B-00C04F79EFBC}") = "FungusEditor", "FungusEditor.csproj", "{72F4DBFF-AA89-08E7-2476-BEA9991275D3}"
EndProject
Project("{FAE04EC0-301F-11D3-BF4B-00C04F79EFBC}") = "Unity.Rider.Editor", "Unity.Rider.Editor.csproj", "{B2BEF0D1-C157-8983-72DC-28BFE5D5E5FA}"
EndProject
Project("{FAE04EC0-301F-11D3-BF4B-00C04F79EFBC}") = "Unity.2D.Tilemap.Editor", "Unity.2D.Tilemap.Editor.csproj", "{621A620C-1ADE-24AC-8C45-904606F082EA}"
EndProject
Project("{FAE04EC0-301F-11D3-BF4B-00C04F79EFBC}") = "Unity.VisualStudio.Editor", "Unity.VisualStudio.Editor.csproj", "{D4AE4F79-CEF1-07F3-E9D9-0F6BE63F45C2}"
EndProject
Project("{FAE04EC0-301F-11D3-BF4B-00C04F79EFBC}") = "Unity.2D.SpriteShape.Editor", "Unity.2D.SpriteShape.Editor.csproj", "{8F8AE80B-12DD-2FEF-B4DF-D1D4526F5C0C}"
EndProject
Project("{FAE04EC0-301F-11D3-BF4B-00C04F79EFBC}") = "PsdPlugin", "PsdPlugin.csproj", "{EA70AC5D-AF85-A479-71D3-69555552EE5C}"
EndProject
Project("{FAE04EC0-301F-11D3-BF4B-00C04F79EFBC}") = "Unity.Postprocessing.Editor", "Unity.Postprocessing.Editor.csproj", "{1B87D6CD-1975-C9E4-EF63-0665D1B2494E}"
EndProject
Project("{FAE04EC0-301F-11D3-BF4B-00C04F79EFBC}") = "Unity.2D.Common.Editor", "Unity.2D.Common.Editor.csproj", "{96CC0FCA-0D1D-61D7-45C3-0869FBF914E3}"
EndProject
Project("{FAE04EC0-301F-11D3-BF4B-00C04F79EFBC}") = "Unity.VSCode.Editor", "Unity.VSCode.Editor.csproj", "{CA08FCED-A099-8AAE-B125-E7CC16C9FCE9}"
EndProject
Project("{FAE04EC0-301F-11D3-BF4B-00C04F79EFBC}") = "Unity.2D.Psdimporter.Editor", "Unity.2D.Psdimporter.Editor.csproj", "{B78CA3CC-3F88-D3B4-4E56-73D481BBA637}"
EndProject
Project("{FAE04EC0-301F-11D3-BF4B-00C04F79EFBC}") = "Fungus.FungusLuaEditor", "Fungus.FungusLuaEditor.csproj", "{CCDB20EC-117F-255C-DEBE-63E76D111922}"
EndProject
Project("{FAE04EC0-301F-11D3-BF4B-00C04F79EFBC}") = "Unity.2D.PixelPerfect.Editor", "Unity.2D.PixelPerfect.Editor.csproj", "{5F498D5B-B2A0-8F2E-24C5-FFC72F9FFB71}"
EndProject
Project("{FAE04EC0-301F-11D3-BF4B-00C04F79EFBC}") = "Assembly-CSharp-Editor-firstpass", "Assembly-CSharp-Editor-firstpass.csproj", "{C66CDBB0-3E1D-5EC4-F1AA-C61A8F4CF95D}"
EndProject
Project("{FAE04EC0-301F-11D3-BF4B-00C04F79EFBC}") = "Unity.Mathematics.Editor", "Unity.Mathematics.Editor.csproj", "{8EE72890-0C96-856D-A382-90FACF1828EA}"
EndProject
Project("{FAE04EC0-301F-11D3-BF4B-00C04F79EFBC}") = "Fungus.LineEndingsEditor", "Fungus.LineEndingsEditor.csproj", "{C2BE11F5-8286-6BC5-B516-BBE6EBF832DB}"
EndProject
Project("{FAE04EC0-301F-11D3-BF4B-00C04F79EFBC}") = "Unity.InternalAPIEditorBridge.001", "Unity.InternalAPIEditorBridge.001.csproj", "{E467BFD0-4E5C-583A-E6E0-9050751B4C83}"
EndProject
Project("{FAE04EC0-301F-11D3-BF4B-00C04F79EFBC}") = "Fungus.FungusLuaJSONCheckerEditor", "Fungus.FungusLuaJSONCheckerEditor.csproj", "{3B8C2CBC-46CE-9652-1132-51884A949757}"
EndProject
Project("{FAE04EC0-301F-11D3-BF4B-00C04F79EFBC}") = "Fungus.UsfxrEditor", "Fungus.UsfxrEditor.csproj", "{89457989-E587-8BA2-E19F-C1EC5E8DF357}"
EndProject
Global
	GlobalSection(SolutionConfigurationPlatforms) = preSolution
		Debug|Any CPU = Debug|Any CPU
		Release|Any CPU = Release|Any CPU
	EndGlobalSection
	GlobalSection(ProjectConfigurationPlatforms) = postSolution
		{C9E86AD5-898F-8621-27E9-9140994A9421}.Debug|Any CPU.ActiveCfg = Debug|Any CPU
		{C9E86AD5-898F-8621-27E9-9140994A9421}.Debug|Any CPU.Build.0 = Debug|Any CPU
		{C9E86AD5-898F-8621-27E9-9140994A9421}.Release|Any CPU.ActiveCfg = Release|Any CPU
		{C9E86AD5-898F-8621-27E9-9140994A9421}.Release|Any CPU.Build.0 = Release|Any CPU
		{6D1A2428-4BEF-D2AE-E04A-EE76DA214873}.Debug|Any CPU.ActiveCfg = Debug|Any CPU
		{6D1A2428-4BEF-D2AE-E04A-EE76DA214873}.Debug|Any CPU.Build.0 = Debug|Any CPU
		{6D1A2428-4BEF-D2AE-E04A-EE76DA214873}.Release|Any CPU.ActiveCfg = Release|Any CPU
		{6D1A2428-4BEF-D2AE-E04A-EE76DA214873}.Release|Any CPU.Build.0 = Release|Any CPU
		{0A3AB856-CF20-EA2A-F74C-62125CDED850}.Debug|Any CPU.ActiveCfg = Debug|Any CPU
		{0A3AB856-CF20-EA2A-F74C-62125CDED850}.Debug|Any CPU.Build.0 = Debug|Any CPU
		{0A3AB856-CF20-EA2A-F74C-62125CDED850}.Release|Any CPU.ActiveCfg = Release|Any CPU
		{0A3AB856-CF20-EA2A-F74C-62125CDED850}.Release|Any CPU.Build.0 = Release|Any CPU
		{F6CE5202-FACC-48F9-66B0-7397E175734E}.Debug|Any CPU.ActiveCfg = Debug|Any CPU
		{F6CE5202-FACC-48F9-66B0-7397E175734E}.Debug|Any CPU.Build.0 = Debug|Any CPU
		{F6CE5202-FACC-48F9-66B0-7397E175734E}.Release|Any CPU.ActiveCfg = Release|Any CPU
		{F6CE5202-FACC-48F9-66B0-7397E175734E}.Release|Any CPU.Build.0 = Release|Any CPU
		{3E8B6AC6-32F4-7C1B-E33C-DDBA9C65DA19}.Debug|Any CPU.ActiveCfg = Debug|Any CPU
		{3E8B6AC6-32F4-7C1B-E33C-DDBA9C65DA19}.Debug|Any CPU.Build.0 = Debug|Any CPU
		{3E8B6AC6-32F4-7C1B-E33C-DDBA9C65DA19}.Release|Any CPU.ActiveCfg = Release|Any CPU
		{3E8B6AC6-32F4-7C1B-E33C-DDBA9C65DA19}.Release|Any CPU.Build.0 = Release|Any CPU
		{3AD114EC-C516-3D22-0FB2-D6BE21C5679E}.Debug|Any CPU.ActiveCfg = Debug|Any CPU
		{3AD114EC-C516-3D22-0FB2-D6BE21C5679E}.Debug|Any CPU.Build.0 = Debug|Any CPU
		{3AD114EC-C516-3D22-0FB2-D6BE21C5679E}.Release|Any CPU.ActiveCfg = Release|Any CPU
		{3AD114EC-C516-3D22-0FB2-D6BE21C5679E}.Release|Any CPU.Build.0 = Release|Any CPU
		{689F6B3B-2FB1-7A85-727F-15FC4CC71CC3}.Debug|Any CPU.ActiveCfg = Debug|Any CPU
		{689F6B3B-2FB1-7A85-727F-15FC4CC71CC3}.Debug|Any CPU.Build.0 = Debug|Any CPU
		{689F6B3B-2FB1-7A85-727F-15FC4CC71CC3}.Release|Any CPU.ActiveCfg = Release|Any CPU
		{689F6B3B-2FB1-7A85-727F-15FC4CC71CC3}.Release|Any CPU.Build.0 = Release|Any CPU
		{7FFA24B3-9FD2-0B81-6B61-ED7FEAEC8F88}.Debug|Any CPU.ActiveCfg = Debug|Any CPU
		{7FFA24B3-9FD2-0B81-6B61-ED7FEAEC8F88}.Debug|Any CPU.Build.0 = Debug|Any CPU
		{7FFA24B3-9FD2-0B81-6B61-ED7FEAEC8F88}.Release|Any CPU.ActiveCfg = Release|Any CPU
		{7FFA24B3-9FD2-0B81-6B61-ED7FEAEC8F88}.Release|Any CPU.Build.0 = Release|Any CPU
		{DA878F09-47FD-BC80-B3BD-9D089E0A06FD}.Debug|Any CPU.ActiveCfg = Debug|Any CPU
		{DA878F09-47FD-BC80-B3BD-9D089E0A06FD}.Debug|Any CPU.Build.0 = Debug|Any CPU
		{DA878F09-47FD-BC80-B3BD-9D089E0A06FD}.Release|Any CPU.ActiveCfg = Release|Any CPU
		{DA878F09-47FD-BC80-B3BD-9D089E0A06FD}.Release|Any CPU.Build.0 = Release|Any CPU
		{35C1E71B-8C42-E156-2F88-922D68AFF3BF}.Debug|Any CPU.ActiveCfg = Debug|Any CPU
		{35C1E71B-8C42-E156-2F88-922D68AFF3BF}.Debug|Any CPU.Build.0 = Debug|Any CPU
		{35C1E71B-8C42-E156-2F88-922D68AFF3BF}.Release|Any CPU.ActiveCfg = Release|Any CPU
		{35C1E71B-8C42-E156-2F88-922D68AFF3BF}.Release|Any CPU.Build.0 = Release|Any CPU
		{4D7BECD3-2BE1-D51B-DFE5-313668FD7DFF}.Debug|Any CPU.ActiveCfg = Debug|Any CPU
		{4D7BECD3-2BE1-D51B-DFE5-313668FD7DFF}.Debug|Any CPU.Build.0 = Debug|Any CPU
		{4D7BECD3-2BE1-D51B-DFE5-313668FD7DFF}.Release|Any CPU.ActiveCfg = Release|Any CPU
		{4D7BECD3-2BE1-D51B-DFE5-313668FD7DFF}.Release|Any CPU.Build.0 = Release|Any CPU
		{2ACA1AEA-1A61-BA77-EBA4-D1398C09F060}.Debug|Any CPU.ActiveCfg = Debug|Any CPU
		{2ACA1AEA-1A61-BA77-EBA4-D1398C09F060}.Debug|Any CPU.Build.0 = Debug|Any CPU
		{2ACA1AEA-1A61-BA77-EBA4-D1398C09F060}.Release|Any CPU.ActiveCfg = Release|Any CPU
		{2ACA1AEA-1A61-BA77-EBA4-D1398C09F060}.Release|Any CPU.Build.0 = Release|Any CPU
		{1C7CA3F7-FD1A-7987-40AC-390EA671F2F7}.Debug|Any CPU.ActiveCfg = Debug|Any CPU
		{1C7CA3F7-FD1A-7987-40AC-390EA671F2F7}.Debug|Any CPU.Build.0 = Debug|Any CPU
		{1C7CA3F7-FD1A-7987-40AC-390EA671F2F7}.Release|Any CPU.ActiveCfg = Release|Any CPU
		{1C7CA3F7-FD1A-7987-40AC-390EA671F2F7}.Release|Any CPU.Build.0 = Release|Any CPU
		{B5F8C180-DD98-FFB9-5FD3-47D9267CF537}.Debug|Any CPU.ActiveCfg = Debug|Any CPU
		{B5F8C180-DD98-FFB9-5FD3-47D9267CF537}.Debug|Any CPU.Build.0 = Debug|Any CPU
		{B5F8C180-DD98-FFB9-5FD3-47D9267CF537}.Release|Any CPU.ActiveCfg = Release|Any CPU
		{B5F8C180-DD98-FFB9-5FD3-47D9267CF537}.Release|Any CPU.Build.0 = Release|Any CPU
		{D6AF4DAA-C008-BC9A-A5D1-E820209773EE}.Debug|Any CPU.ActiveCfg = Debug|Any CPU
		{D6AF4DAA-C008-BC9A-A5D1-E820209773EE}.Debug|Any CPU.Build.0 = Debug|Any CPU
		{D6AF4DAA-C008-BC9A-A5D1-E820209773EE}.Release|Any CPU.ActiveCfg = Release|Any CPU
		{D6AF4DAA-C008-BC9A-A5D1-E820209773EE}.Release|Any CPU.Build.0 = Release|Any CPU
		{900CB16F-FB32-F91F-8A9B-798AB9C154CD}.Debug|Any CPU.ActiveCfg = Debug|Any CPU
		{900CB16F-FB32-F91F-8A9B-798AB9C154CD}.Debug|Any CPU.Build.0 = Debug|Any CPU
		{900CB16F-FB32-F91F-8A9B-798AB9C154CD}.Release|Any CPU.ActiveCfg = Release|Any CPU
		{900CB16F-FB32-F91F-8A9B-798AB9C154CD}.Release|Any CPU.Build.0 = Release|Any CPU
		{795DA3C1-68D0-C710-F91C-200E656E12FD}.Debug|Any CPU.ActiveCfg = Debug|Any CPU
		{795DA3C1-68D0-C710-F91C-200E656E12FD}.Debug|Any CPU.Build.0 = Debug|Any CPU
		{795DA3C1-68D0-C710-F91C-200E656E12FD}.Release|Any CPU.ActiveCfg = Release|Any CPU
		{795DA3C1-68D0-C710-F91C-200E656E12FD}.Release|Any CPU.Build.0 = Release|Any CPU
		{2AECB5B6-7DC5-9B3E-2B8C-454136B16AF4}.Debug|Any CPU.ActiveCfg = Debug|Any CPU
		{2AECB5B6-7DC5-9B3E-2B8C-454136B16AF4}.Debug|Any CPU.Build.0 = Debug|Any CPU
		{2AECB5B6-7DC5-9B3E-2B8C-454136B16AF4}.Release|Any CPU.ActiveCfg = Release|Any CPU
		{2AECB5B6-7DC5-9B3E-2B8C-454136B16AF4}.Release|Any CPU.Build.0 = Release|Any CPU
		{AE6F990E-0ACF-9000-31EF-BE233AE8F910}.Debug|Any CPU.ActiveCfg = Debug|Any CPU
		{AE6F990E-0ACF-9000-31EF-BE233AE8F910}.Debug|Any CPU.Build.0 = Debug|Any CPU
		{AE6F990E-0ACF-9000-31EF-BE233AE8F910}.Release|Any CPU.ActiveCfg = Release|Any CPU
		{AE6F990E-0ACF-9000-31EF-BE233AE8F910}.Release|Any CPU.Build.0 = Release|Any CPU
		{ED62631F-5C33-0E45-E345-5946B6683EDB}.Debug|Any CPU.ActiveCfg = Debug|Any CPU
		{ED62631F-5C33-0E45-E345-5946B6683EDB}.Debug|Any CPU.Build.0 = Debug|Any CPU
		{ED62631F-5C33-0E45-E345-5946B6683EDB}.Release|Any CPU.ActiveCfg = Release|Any CPU
		{ED62631F-5C33-0E45-E345-5946B6683EDB}.Release|Any CPU.Build.0 = Release|Any CPU
		{2F407373-3CAC-54CF-C7BF-EFE35BF94983}.Debug|Any CPU.ActiveCfg = Debug|Any CPU
		{2F407373-3CAC-54CF-C7BF-EFE35BF94983}.Debug|Any CPU.Build.0 = Debug|Any CPU
		{2F407373-3CAC-54CF-C7BF-EFE35BF94983}.Release|Any CPU.ActiveCfg = Release|Any CPU
		{2F407373-3CAC-54CF-C7BF-EFE35BF94983}.Release|Any CPU.Build.0 = Release|Any CPU
		{EA881700-22D1-6C90-E742-61A5D6188069}.Debug|Any CPU.ActiveCfg = Debug|Any CPU
		{EA881700-22D1-6C90-E742-61A5D6188069}.Debug|Any CPU.Build.0 = Debug|Any CPU
		{EA881700-22D1-6C90-E742-61A5D6188069}.Release|Any CPU.ActiveCfg = Release|Any CPU
		{EA881700-22D1-6C90-E742-61A5D6188069}.Release|Any CPU.Build.0 = Release|Any CPU
		{8CA560EC-7A28-05E5-30CF-7CB17F616F11}.Debug|Any CPU.ActiveCfg = Debug|Any CPU
		{8CA560EC-7A28-05E5-30CF-7CB17F616F11}.Debug|Any CPU.Build.0 = Debug|Any CPU
		{8CA560EC-7A28-05E5-30CF-7CB17F616F11}.Release|Any CPU.ActiveCfg = Release|Any CPU
		{8CA560EC-7A28-05E5-30CF-7CB17F616F11}.Release|Any CPU.Build.0 = Release|Any CPU
		{8AAD05A3-2CA8-499C-AE11-CA6E936B908D}.Debug|Any CPU.ActiveCfg = Debug|Any CPU
		{8AAD05A3-2CA8-499C-AE11-CA6E936B908D}.Debug|Any CPU.Build.0 = Debug|Any CPU
		{8AAD05A3-2CA8-499C-AE11-CA6E936B908D}.Release|Any CPU.ActiveCfg = Release|Any CPU
		{8AAD05A3-2CA8-499C-AE11-CA6E936B908D}.Release|Any CPU.Build.0 = Release|Any CPU
		{EA97483A-0085-1AAB-DAEA-104B25A99A28}.Debug|Any CPU.ActiveCfg = Debug|Any CPU
		{EA97483A-0085-1AAB-DAEA-104B25A99A28}.Debug|Any CPU.Build.0 = Debug|Any CPU
		{EA97483A-0085-1AAB-DAEA-104B25A99A28}.Release|Any CPU.ActiveCfg = Release|Any CPU
		{EA97483A-0085-1AAB-DAEA-104B25A99A28}.Release|Any CPU.Build.0 = Release|Any CPU
		{72F4DBFF-AA89-08E7-2476-BEA9991275D3}.Debug|Any CPU.ActiveCfg = Debug|Any CPU
		{72F4DBFF-AA89-08E7-2476-BEA9991275D3}.Debug|Any CPU.Build.0 = Debug|Any CPU
		{72F4DBFF-AA89-08E7-2476-BEA9991275D3}.Release|Any CPU.ActiveCfg = Release|Any CPU
		{72F4DBFF-AA89-08E7-2476-BEA9991275D3}.Release|Any CPU.Build.0 = Release|Any CPU
		{B2BEF0D1-C157-8983-72DC-28BFE5D5E5FA}.Debug|Any CPU.ActiveCfg = Debug|Any CPU
		{B2BEF0D1-C157-8983-72DC-28BFE5D5E5FA}.Debug|Any CPU.Build.0 = Debug|Any CPU
		{B2BEF0D1-C157-8983-72DC-28BFE5D5E5FA}.Release|Any CPU.ActiveCfg = Release|Any CPU
		{B2BEF0D1-C157-8983-72DC-28BFE5D5E5FA}.Release|Any CPU.Build.0 = Release|Any CPU
		{621A620C-1ADE-24AC-8C45-904606F082EA}.Debug|Any CPU.ActiveCfg = Debug|Any CPU
		{621A620C-1ADE-24AC-8C45-904606F082EA}.Debug|Any CPU.Build.0 = Debug|Any CPU
		{621A620C-1ADE-24AC-8C45-904606F082EA}.Release|Any CPU.ActiveCfg = Release|Any CPU
		{621A620C-1ADE-24AC-8C45-904606F082EA}.Release|Any CPU.Build.0 = Release|Any CPU
		{D4AE4F79-CEF1-07F3-E9D9-0F6BE63F45C2}.Debug|Any CPU.ActiveCfg = Debug|Any CPU
		{D4AE4F79-CEF1-07F3-E9D9-0F6BE63F45C2}.Debug|Any CPU.Build.0 = Debug|Any CPU
		{D4AE4F79-CEF1-07F3-E9D9-0F6BE63F45C2}.Release|Any CPU.ActiveCfg = Release|Any CPU
		{D4AE4F79-CEF1-07F3-E9D9-0F6BE63F45C2}.Release|Any CPU.Build.0 = Release|Any CPU
		{8F8AE80B-12DD-2FEF-B4DF-D1D4526F5C0C}.Debug|Any CPU.ActiveCfg = Debug|Any CPU
		{8F8AE80B-12DD-2FEF-B4DF-D1D4526F5C0C}.Debug|Any CPU.Build.0 = Debug|Any CPU
		{8F8AE80B-12DD-2FEF-B4DF-D1D4526F5C0C}.Release|Any CPU.ActiveCfg = Release|Any CPU
		{8F8AE80B-12DD-2FEF-B4DF-D1D4526F5C0C}.Release|Any CPU.Build.0 = Release|Any CPU
		{EA70AC5D-AF85-A479-71D3-69555552EE5C}.Debug|Any CPU.ActiveCfg = Debug|Any CPU
		{EA70AC5D-AF85-A479-71D3-69555552EE5C}.Debug|Any CPU.Build.0 = Debug|Any CPU
		{EA70AC5D-AF85-A479-71D3-69555552EE5C}.Release|Any CPU.ActiveCfg = Release|Any CPU
		{EA70AC5D-AF85-A479-71D3-69555552EE5C}.Release|Any CPU.Build.0 = Release|Any CPU
		{1B87D6CD-1975-C9E4-EF63-0665D1B2494E}.Debug|Any CPU.ActiveCfg = Debug|Any CPU
		{1B87D6CD-1975-C9E4-EF63-0665D1B2494E}.Debug|Any CPU.Build.0 = Debug|Any CPU
		{1B87D6CD-1975-C9E4-EF63-0665D1B2494E}.Release|Any CPU.ActiveCfg = Release|Any CPU
		{1B87D6CD-1975-C9E4-EF63-0665D1B2494E}.Release|Any CPU.Build.0 = Release|Any CPU
		{96CC0FCA-0D1D-61D7-45C3-0869FBF914E3}.Debug|Any CPU.ActiveCfg = Debug|Any CPU
		{96CC0FCA-0D1D-61D7-45C3-0869FBF914E3}.Debug|Any CPU.Build.0 = Debug|Any CPU
		{96CC0FCA-0D1D-61D7-45C3-0869FBF914E3}.Release|Any CPU.ActiveCfg = Release|Any CPU
		{96CC0FCA-0D1D-61D7-45C3-0869FBF914E3}.Release|Any CPU.Build.0 = Release|Any CPU
		{CA08FCED-A099-8AAE-B125-E7CC16C9FCE9}.Debug|Any CPU.ActiveCfg = Debug|Any CPU
		{CA08FCED-A099-8AAE-B125-E7CC16C9FCE9}.Debug|Any CPU.Build.0 = Debug|Any CPU
		{CA08FCED-A099-8AAE-B125-E7CC16C9FCE9}.Release|Any CPU.ActiveCfg = Release|Any CPU
		{CA08FCED-A099-8AAE-B125-E7CC16C9FCE9}.Release|Any CPU.Build.0 = Release|Any CPU
		{B78CA3CC-3F88-D3B4-4E56-73D481BBA637}.Debug|Any CPU.ActiveCfg = Debug|Any CPU
		{B78CA3CC-3F88-D3B4-4E56-73D481BBA637}.Debug|Any CPU.Build.0 = Debug|Any CPU
		{B78CA3CC-3F88-D3B4-4E56-73D481BBA637}.Release|Any CPU.ActiveCfg = Release|Any CPU
		{B78CA3CC-3F88-D3B4-4E56-73D481BBA637}.Release|Any CPU.Build.0 = Release|Any CPU
		{CCDB20EC-117F-255C-DEBE-63E76D111922}.Debug|Any CPU.ActiveCfg = Debug|Any CPU
		{CCDB20EC-117F-255C-DEBE-63E76D111922}.Debug|Any CPU.Build.0 = Debug|Any CPU
		{CCDB20EC-117F-255C-DEBE-63E76D111922}.Release|Any CPU.ActiveCfg = Release|Any CPU
		{CCDB20EC-117F-255C-DEBE-63E76D111922}.Release|Any CPU.Build.0 = Release|Any CPU
		{5F498D5B-B2A0-8F2E-24C5-FFC72F9FFB71}.Debug|Any CPU.ActiveCfg = Debug|Any CPU
		{5F498D5B-B2A0-8F2E-24C5-FFC72F9FFB71}.Debug|Any CPU.Build.0 = Debug|Any CPU
		{5F498D5B-B2A0-8F2E-24C5-FFC72F9FFB71}.Release|Any CPU.ActiveCfg = Release|Any CPU
		{5F498D5B-B2A0-8F2E-24C5-FFC72F9FFB71}.Release|Any CPU.Build.0 = Release|Any CPU
		{C66CDBB0-3E1D-5EC4-F1AA-C61A8F4CF95D}.Debug|Any CPU.ActiveCfg = Debug|Any CPU
		{C66CDBB0-3E1D-5EC4-F1AA-C61A8F4CF95D}.Debug|Any CPU.Build.0 = Debug|Any CPU
		{C66CDBB0-3E1D-5EC4-F1AA-C61A8F4CF95D}.Release|Any CPU.ActiveCfg = Release|Any CPU
		{C66CDBB0-3E1D-5EC4-F1AA-C61A8F4CF95D}.Release|Any CPU.Build.0 = Release|Any CPU
		{8EE72890-0C96-856D-A382-90FACF1828EA}.Debug|Any CPU.ActiveCfg = Debug|Any CPU
		{8EE72890-0C96-856D-A382-90FACF1828EA}.Debug|Any CPU.Build.0 = Debug|Any CPU
		{8EE72890-0C96-856D-A382-90FACF1828EA}.Release|Any CPU.ActiveCfg = Release|Any CPU
		{8EE72890-0C96-856D-A382-90FACF1828EA}.Release|Any CPU.Build.0 = Release|Any CPU
		{C2BE11F5-8286-6BC5-B516-BBE6EBF832DB}.Debug|Any CPU.ActiveCfg = Debug|Any CPU
		{C2BE11F5-8286-6BC5-B516-BBE6EBF832DB}.Debug|Any CPU.Build.0 = Debug|Any CPU
		{C2BE11F5-8286-6BC5-B516-BBE6EBF832DB}.Release|Any CPU.ActiveCfg = Release|Any CPU
		{C2BE11F5-8286-6BC5-B516-BBE6EBF832DB}.Release|Any CPU.Build.0 = Release|Any CPU
		{E467BFD0-4E5C-583A-E6E0-9050751B4C83}.Debug|Any CPU.ActiveCfg = Debug|Any CPU
		{E467BFD0-4E5C-583A-E6E0-9050751B4C83}.Debug|Any CPU.Build.0 = Debug|Any CPU
		{E467BFD0-4E5C-583A-E6E0-9050751B4C83}.Release|Any CPU.ActiveCfg = Release|Any CPU
		{E467BFD0-4E5C-583A-E6E0-9050751B4C83}.Release|Any CPU.Build.0 = Release|Any CPU
		{3B8C2CBC-46CE-9652-1132-51884A949757}.Debug|Any CPU.ActiveCfg = Debug|Any CPU
		{3B8C2CBC-46CE-9652-1132-51884A949757}.Debug|Any CPU.Build.0 = Debug|Any CPU
		{3B8C2CBC-46CE-9652-1132-51884A949757}.Release|Any CPU.ActiveCfg = Release|Any CPU
		{3B8C2CBC-46CE-9652-1132-51884A949757}.Release|Any CPU.Build.0 = Release|Any CPU
		{89457989-E587-8BA2-E19F-C1EC5E8DF357}.Debug|Any CPU.ActiveCfg = Debug|Any CPU
		{89457989-E587-8BA2-E19F-C1EC5E8DF357}.Debug|Any CPU.Build.0 = Debug|Any CPU
		{89457989-E587-8BA2-E19F-C1EC5E8DF357}.Release|Any CPU.ActiveCfg = Release|Any CPU
		{89457989-E587-8BA2-E19F-C1EC5E8DF357}.Release|Any CPU.Build.0 = Release|Any CPU
	EndGlobalSection
	GlobalSection(SolutionProperties) = preSolution
		HideSolutionNode = FALSE
	EndGlobalSection
EndGlobal
